// !$*UTF8*$!
{
	archiveVersion = 1;
	classes = {
	};
	objectVersion = 55;
	objects = {

/* Begin PBXBuildFile section */
		1175639327C11EEC00036A77 /* AppDelegate.m in Sources */ = {isa = PBXBuildFile; fileRef = 1175639227C11EEC00036A77 /* AppDelegate.m */; };
		1175639627C11EEC00036A77 /* SceneDelegate.m in Sources */ = {isa = PBXBuildFile; fileRef = 1175639527C11EEC00036A77 /* SceneDelegate.m */; };
		1175639927C11EEC00036A77 /* ViewController.m in Sources */ = {isa = PBXBuildFile; fileRef = 1175639827C11EEC00036A77 /* ViewController.m */; };
		1175639C27C11EEC00036A77 /* Main.storyboard in Resources */ = {isa = PBXBuildFile; fileRef = 1175639A27C11EEC00036A77 /* Main.storyboard */; };
		1175639E27C11EED00036A77 /* Assets.xcassets in Resources */ = {isa = PBXBuildFile; fileRef = 1175639D27C11EED00036A77 /* Assets.xcassets */; };
		117563A127C11EED00036A77 /* LaunchScreen.storyboard in Resources */ = {isa = PBXBuildFile; fileRef = 1175639F27C11EED00036A77 /* LaunchScreen.storyboard */; };
		117563A427C11EED00036A77 /* main.m in Sources */ = {isa = PBXBuildFile; fileRef = 117563A327C11EED00036A77 /* main.m */; };
		117563AE27C11EED00036A77 /* TestTests.m in Sources */ = {isa = PBXBuildFile; fileRef = 117563AD27C11EED00036A77 /* TestTests.m */; };
		117563B827C11EED00036A77 /* TestUITests.m in Sources */ = {isa = PBXBuildFile; fileRef = 117563B727C11EED00036A77 /* TestUITests.m */; };
		117563BA27C11EED00036A77 /* TestUITestsLaunchTests.m in Sources */ = {isa = PBXBuildFile; fileRef = 117563B927C11EED00036A77 /* TestUITestsLaunchTests.m */; };
/* End PBXBuildFile section */

/* Begin PBXContainerItemProxy section */
		117563AA27C11EED00036A77 /* PBXContainerItemProxy */ = {
			isa = PBXContainerItemProxy;
			containerPortal = 1175638627C11EEC00036A77 /* Project object */;
			proxyType = 1;
			remoteGlobalIDString = 1175638D27C11EEC00036A77;
			remoteInfo = Test;
		};
		117563B427C11EED00036A77 /* PBXContainerItemProxy */ = {
			isa = PBXContainerItemProxy;
			containerPortal = 1175638627C11EEC00036A77 /* Project object */;
			proxyType = 1;
			remoteGlobalIDString = 1175638D27C11EEC00036A77;
			remoteInfo = Test;
		};
/* End PBXContainerItemProxy section */

/* Begin PBXFileReference section */
		1175638E27C11EEC00036A77 /* Test.app */ = {isa = PBXFileReference; explicitFileType = wrapper.application; includeInIndex = 0; path = Test.app; sourceTree = BUILT_PRODUCTS_DIR; };
		1175639127C11EEC00036A77 /* AppDelegate.h */ = {isa = PBXFileReference; lastKnownFileType = sourcecode.c.h; path = AppDelegate.h; sourceTree = "<group>"; };
		1175639227C11EEC00036A77 /* AppDelegate.m */ = {isa = PBXFileReference; lastKnownFileType = sourcecode.c.objc; path = AppDelegate.m; sourceTree = "<group>"; };
		1175639427C11EEC00036A77 /* SceneDelegate.h */ = {isa = PBXFileReference; lastKnownFileType = sourcecode.c.h; path = SceneDelegate.h; sourceTree = "<group>"; };
		1175639527C11EEC00036A77 /* SceneDelegate.m */ = {isa = PBXFileReference; lastKnownFileType = sourcecode.c.objc; path = SceneDelegate.m; sourceTree = "<group>"; };
		1175639727C11EEC00036A77 /* ViewController.h */ = {isa = PBXFileReference; lastKnownFileType = sourcecode.c.h; path = ViewController.h; sourceTree = "<group>"; };
		1175639827C11EEC00036A77 /* ViewController.m */ = {isa = PBXFileReference; lastKnownFileType = sourcecode.c.objc; path = ViewController.m; sourceTree = "<group>"; };
		1175639B27C11EEC00036A77 /* Base */ = {isa = PBXFileReference; lastKnownFileType = file.storyboard; name = Base; path = Base.lproj/Main.storyboard; sourceTree = "<group>"; };
		1175639D27C11EED00036A77 /* Assets.xcassets */ = {isa = PBXFileReference; lastKnownFileType = folder.assetcatalog; path = Assets.xcassets; sourceTree = "<group>"; };
		117563A027C11EED00036A77 /* Base */ = {isa = PBXFileReference; lastKnownFileType = file.storyboard; name = Base; path = Base.lproj/LaunchScreen.storyboard; sourceTree = "<group>"; };
		117563A227C11EED00036A77 /* Info.plist */ = {isa = PBXFileReference; lastKnownFileType = text.plist.xml; path = Info.plist; sourceTree = "<group>"; };
		117563A327C11EED00036A77 /* main.m */ = {isa = PBXFileReference; lastKnownFileType = sourcecode.c.objc; path = main.m; sourceTree = "<group>"; };
		117563A927C11EED00036A77 /* TestTests.xctest */ = {isa = PBXFileReference; explicitFileType = wrapper.cfbundle; includeInIndex = 0; path = TestTests.xctest; sourceTree = BUILT_PRODUCTS_DIR; };
		117563AD27C11EED00036A77 /* TestTests.m */ = {isa = PBXFileReference; lastKnownFileType = sourcecode.c.objc; path = TestTests.m; sourceTree = "<group>"; };
		117563B327C11EED00036A77 /* TestUITests.xctest */ = {isa = PBXFileReference; explicitFileType = wrapper.cfbundle; includeInIndex = 0; path = TestUITests.xctest; sourceTree = BUILT_PRODUCTS_DIR; };
		117563B727C11EED00036A77 /* TestUITests.m */ = {isa = PBXFileReference; lastKnownFileType = sourcecode.c.objc; path = TestUITests.m; sourceTree = "<group>"; };
		117563B927C11EED00036A77 /* TestUITestsLaunchTests.m */ = {isa = PBXFileReference; lastKnownFileType = sourcecode.c.objc; path = TestUITestsLaunchTests.m; sourceTree = "<group>"; };
/* End PBXFileReference section */

/* Begin PBXFrameworksBuildPhase section */
		1175638B27C11EEC00036A77 /* Frameworks */ = {
			isa = PBXFrameworksBuildPhase;
			buildActionMask = 2147483647;
			files = (
			);
			runOnlyForDeploymentPostprocessing = 0;
		};
		117563A627C11EED00036A77 /* Frameworks */ = {
			isa = PBXFrameworksBuildPhase;
			buildActionMask = 2147483647;
			files = (
			);
			runOnlyForDeploymentPostprocessing = 0;
		};
		117563B027C11EED00036A77 /* Frameworks */ = {
			isa = PBXFrameworksBuildPhase;
			buildActionMask = 2147483647;
			files = (
			);
			runOnlyForDeploymentPostprocessing = 0;
		};
/* End PBXFrameworksBuildPhase section */

/* Begin PBXGroup section */
		1175638527C11EEC00036A77 = {
			isa = PBXGroup;
			children = (
				1175639027C11EEC00036A77 /* Test */,
				117563AC27C11EED00036A77 /* TestTests */,
				117563B627C11EED00036A77 /* TestUITests */,
				1175638F27C11EEC00036A77 /* Products */,
			);
			sourceTree = "<group>";
		};
		1175638F27C11EEC00036A77 /* Products */ = {
			isa = PBXGroup;
			children = (
				1175638E27C11EEC00036A77 /* Test.app */,
				117563A927C11EED00036A77 /* TestTests.xctest */,
				117563B327C11EED00036A77 /* TestUITests.xctest */,
			);
			name = Products;
			sourceTree = "<group>";
		};
		1175639027C11EEC00036A77 /* Test */ = {
			isa = PBXGroup;
			children = (
				1175639127C11EEC00036A77 /* AppDelegate.h */,
				1175639227C11EEC00036A77 /* AppDelegate.m */,
				1175639427C11EEC00036A77 /* SceneDelegate.h */,
				1175639527C11EEC00036A77 /* SceneDelegate.m */,
				1175639727C11EEC00036A77 /* ViewController.h */,
				1175639827C11EEC00036A77 /* ViewController.m */,
				1175639A27C11EEC00036A77 /* Main.storyboard */,
				1175639D27C11EED00036A77 /* Assets.xcassets */,
				1175639F27C11EED00036A77 /* LaunchScreen.storyboard */,
				117563A227C11EED00036A77 /* Info.plist */,
				117563A327C11EED00036A77 /* main.m */,
			);
			path = Test;
			sourceTree = "<group>";
		};
		117563AC27C11EED00036A77 /* TestTests */ = {
			isa = PBXGroup;
			children = (
				117563AD27C11EED00036A77 /* TestTests.m */,
			);
			path = TestTests;
			sourceTree = "<group>";
		};
		117563B627C11EED00036A77 /* TestUITests */ = {
			isa = PBXGroup;
			children = (
				117563B727C11EED00036A77 /* TestUITests.m */,
				117563B927C11EED00036A77 /* TestUITestsLaunchTests.m */,
			);
			path = TestUITests;
			sourceTree = "<group>";
		};
/* End PBXGroup section */

/* Begin PBXNativeTarget section */
		1175638D27C11EEC00036A77 /* Test */ = {
			isa = PBXNativeTarget;
			buildConfigurationList = 117563BD27C11EED00036A77 /* Build configuration list for PBXNativeTarget "Test" */;
			buildPhases = (
				1175638A27C11EEC00036A77 /* Sources */,
				1175638B27C11EEC00036A77 /* Frameworks */,
				1175638C27C11EEC00036A77 /* Resources */,
			);
			buildRules = (
			);
			dependencies = (
			);
			name = Test;
			productName = Test;
			productReference = 1175638E27C11EEC00036A77 /* Test.app */;
			productType = "com.apple.product-type.application";
		};
		117563A827C11EED00036A77 /* TestTests */ = {
			isa = PBXNativeTarget;
			buildConfigurationList = 117563C027C11EED00036A77 /* Build configuration list for PBXNativeTarget "TestTests" */;
			buildPhases = (
				117563A527C11EED00036A77 /* Sources */,
				117563A627C11EED00036A77 /* Frameworks */,
				117563A727C11EED00036A77 /* Resources */,
			);
			buildRules = (
			);
			dependencies = (
				117563AB27C11EED00036A77 /* PBXTargetDependency */,
			);
			name = TestTests;
			productName = TestTests;
			productReference = 117563A927C11EED00036A77 /* TestTests.xctest */;
			productType = "com.apple.product-type.bundle.unit-test";
		};
		117563B227C11EED00036A77 /* TestUITests */ = {
			isa = PBXNativeTarget;
			buildConfigurationList = 117563C327C11EED00036A77 /* Build configuration list for PBXNativeTarget "TestUITests" */;
			buildPhases = (
				117563AF27C11EED00036A77 /* Sources */,
				117563B027C11EED00036A77 /* Frameworks */,
				117563B127C11EED00036A77 /* Resources */,
			);
			buildRules = (
			);
			dependencies = (
				117563B527C11EED00036A77 /* PBXTargetDependency */,
			);
			name = TestUITests;
			productName = TestUITests;
			productReference = 117563B327C11EED00036A77 /* TestUITests.xctest */;
			productType = "com.apple.product-type.bundle.ui-testing";
		};
/* End PBXNativeTarget section */

/* Begin PBXProject section */
		1175638627C11EEC00036A77 /* Project object */ = {
			isa = PBXProject;
			attributes = {
				BuildIndependentTargetsInParallel = 1;
				LastUpgradeCheck = 1320;
				TargetAttributes = {
					1175638D27C11EEC00036A77 = {
						CreatedOnToolsVersion = 13.2.1;
					};
					117563A827C11EED00036A77 = {
						CreatedOnToolsVersion = 13.2.1;
						TestTargetID = 1175638D27C11EEC00036A77;
					};
					117563B227C11EED00036A77 = {
						CreatedOnToolsVersion = 13.2.1;
						TestTargetID = 1175638D27C11EEC00036A77;
					};
				};
			};
			buildConfigurationList = 1175638927C11EEC00036A77 /* Build configuration list for PBXProject "Test" */;
			compatibilityVersion = "Xcode 13.0";
			developmentRegion = en;
			hasScannedForEncodings = 0;
			knownRegions = (
				en,
				Base,
			);
			mainGroup = 1175638527C11EEC00036A77;
			productRefGroup = 1175638F27C11EEC00036A77 /* Products */;
			projectDirPath = "";
			projectRoot = "";
			targets = (
				1175638D27C11EEC00036A77 /* Test */,
				117563A827C11EED00036A77 /* TestTests */,
				117563B227C11EED00036A77 /* TestUITests */,
			);
		};
/* End PBXProject section */

/* Begin PBXResourcesBuildPhase section */
		1175638C27C11EEC00036A77 /* Resources */ = {
			isa = PBXResourcesBuildPhase;
			buildActionMask = 2147483647;
			files = (
				117563A127C11EED00036A77 /* LaunchScreen.storyboard in Resources */,
				1175639E27C11EED00036A77 /* Assets.xcassets in Resources */,
				1175639C27C11EEC00036A77 /* Main.storyboard in Resources */,
			);
			runOnlyForDeploymentPostprocessing = 0;
		};
		117563A727C11EED00036A77 /* Resources */ = {
			isa = PBXResourcesBuildPhase;
			buildActionMask = 2147483647;
			files = (
			);
			runOnlyForDeploymentPostprocessing = 0;
		};
		117563B127C11EED00036A77 /* Resources */ = {
			isa = PBXResourcesBuildPhase;
			buildActionMask = 2147483647;
			files = (
			);
			runOnlyForDeploymentPostprocessing = 0;
		};
/* End PBXResourcesBuildPhase section */

/* Begin PBXSourcesBuildPhase section */
		1175638A27C11EEC00036A77 /* Sources */ = {
			isa = PBXSourcesBuildPhase;
			buildActionMask = 2147483647;
			files = (
				1175639927C11EEC00036A77 /* ViewController.m in Sources */,
				1175639327C11EEC00036A77 /* AppDelegate.m in Sources */,
				117563A427C11EED00036A77 /* main.m in Sources */,
				1175639627C11EEC00036A77 /* SceneDelegate.m in Sources */,
			);
			runOnlyForDeploymentPostprocessing = 0;
		};
		117563A527C11EED00036A77 /* Sources */ = {
			isa = PBXSourcesBuildPhase;
			buildActionMask = 2147483647;
			files = (
				117563AE27C11EED00036A77 /* TestTests.m in Sources */,
			);
			runOnlyForDeploymentPostprocessing = 0;
		};
		117563AF27C11EED00036A77 /* Sources */ = {
			isa = PBXSourcesBuildPhase;
			buildActionMask = 2147483647;
			files = (
				117563BA27C11EED00036A77 /* TestUITestsLaunchTests.m in Sources */,
				117563B827C11EED00036A77 /* TestUITests.m in Sources */,
			);
			runOnlyForDeploymentPostprocessing = 0;
		};
/* End PBXSourcesBuildPhase section */

/* Begin PBXTargetDependency section */
		117563AB27C11EED00036A77 /* PBXTargetDependency */ = {
			isa = PBXTargetDependency;
			target = 1175638D27C11EEC00036A77 /* Test */;
			targetProxy = 117563AA27C11EED00036A77 /* PBXContainerItemProxy */;
		};
		117563B527C11EED00036A77 /* PBXTargetDependency */ = {
			isa = PBXTargetDependency;
			target = 1175638D27C11EEC00036A77 /* Test */;
			targetProxy = 117563B427C11EED00036A77 /* PBXContainerItemProxy */;
		};
/* End PBXTargetDependency section */

/* Begin PBXVariantGroup section */
		1175639A27C11EEC00036A77 /* Main.storyboard */ = {
			isa = PBXVariantGroup;
			children = (
				1175639B27C11EEC00036A77 /* Base */,
			);
			name = Main.storyboard;
			sourceTree = "<group>";
		};
		1175639F27C11EED00036A77 /* LaunchScreen.storyboard */ = {
			isa = PBXVariantGroup;
			children = (
				117563A027C11EED00036A77 /* Base */,
			);
			name = LaunchScreen.storyboard;
			sourceTree = "<group>";
		};
/* End PBXVariantGroup section */

/* Begin XCBuildConfiguration section */
		117563BB27C11EED00036A77 /* Debug */ = {
			isa = XCBuildConfiguration;
			buildSettings = {
				ALWAYS_SEARCH_USER_PATHS = NO;
				CLANG_ANALYZER_NONNULL = YES;
				CLANG_ANALYZER_NUMBER_OBJECT_CONVERSION = YES_AGGRESSIVE;
				CLANG_CXX_LANGUAGE_STANDARD = "gnu++17";
				CLANG_CXX_LIBRARY = "libc++";
				CLANG_ENABLE_MODULES = YES;
				CLANG_ENABLE_OBJC_ARC = YES;
				CLANG_ENABLE_OBJC_WEAK = YES;
				CLANG_WARN_BLOCK_CAPTURE_AUTORELEASING = YES;
				CLANG_WARN_BOOL_CONVERSION = YES;
				CLANG_WARN_COMMA = YES;
				CLANG_WARN_CONSTANT_CONVERSION = YES;
				CLANG_WARN_DEPRECATED_OBJC_IMPLEMENTATIONS = YES;
				CLANG_WARN_DIRECT_OBJC_ISA_USAGE = YES_ERROR;
				CLANG_WARN_DOCUMENTATION_COMMENTS = YES;
				CLANG_WARN_EMPTY_BODY = YES;
				CLANG_WARN_ENUM_CONVERSION = YES;
				CLANG_WARN_INFINITE_RECURSION = YES;
				CLANG_WARN_INT_CONVERSION = YES;
				CLANG_WARN_NON_LITERAL_NULL_CONVERSION = YES;
				CLANG_WARN_OBJC_IMPLICIT_RETAIN_SELF = YES;
				CLANG_WARN_OBJC_LITERAL_CONVERSION = YES;
				CLANG_WARN_OBJC_ROOT_CLASS = YES_ERROR;
				CLANG_WARN_QUOTED_INCLUDE_IN_FRAMEWORK_HEADER = YES;
				CLANG_WARN_RANGE_LOOP_ANALYSIS = YES;
				CLANG_WARN_STRICT_PROTOTYPES = YES;
				CLANG_WARN_SUSPICIOUS_MOVE = YES;
				CLANG_WARN_UNGUARDED_AVAILABILITY = YES_AGGRESSIVE;
				CLANG_WARN_UNREACHABLE_CODE = YES;
				CLANG_WARN__DUPLICATE_METHOD_MATCH = YES;
				COPY_PHASE_STRIP = NO;
				DEBUG_INFORMATION_FORMAT = dwarf;
				ENABLE_STRICT_OBJC_MSGSEND = YES;
				ENABLE_TESTABILITY = YES;
				GCC_C_LANGUAGE_STANDARD = gnu11;
				GCC_DYNAMIC_NO_PIC = NO;
				GCC_NO_COMMON_BLOCKS = YES;
				GCC_OPTIMIZATION_LEVEL = 0;
				GCC_PREPROCESSOR_DEFINITIONS = (
					"DEBUG=1",
					"$(inherited)",
				);
				GCC_WARN_64_TO_32_BIT_CONVERSION = YES;
				GCC_WARN_ABOUT_RETURN_TYPE = YES_ERROR;
				GCC_WARN_UNDECLARED_SELECTOR = YES;
				GCC_WARN_UNINITIALIZED_AUTOS = YES_AGGRESSIVE;
				GCC_WARN_UNUSED_FUNCTION = YES;
				GCC_WARN_UNUSED_VARIABLE = YES;
				IPHONEOS_DEPLOYMENT_TARGET = 15.2;
				MTL_ENABLE_DEBUG_INFO = INCLUDE_SOURCE;
				MTL_FAST_MATH = YES;
				ONLY_ACTIVE_ARCH = YES;
				SDKROOT = iphoneos;
			};
			name = Debug;
		};
		117563BC27C11EED00036A77 /* Release */ = {
			isa = XCBuildConfiguration;
			buildSettings = {
				ALWAYS_SEARCH_USER_PATHS = NO;
				CLANG_ANALYZER_NONNULL = YES;
				CLANG_ANALYZER_NUMBER_OBJECT_CONVERSION = YES_AGGRESSIVE;
				CLANG_CXX_LANGUAGE_STANDARD = "gnu++17";
				CLANG_CXX_LIBRARY = "libc++";
				CLANG_ENABLE_MODULES = YES;
				CLANG_ENABLE_OBJC_ARC = YES;
				CLANG_ENABLE_OBJC_WEAK = YES;
				CLANG_WARN_BLOCK_CAPTURE_AUTORELEASING = YES;
				CLANG_WARN_BOOL_CONVERSION = YES;
				CLANG_WARN_COMMA = YES;
				CLANG_WARN_CONSTANT_CONVERSION = YES;
				CLANG_WARN_DEPRECATED_OBJC_IMPLEMENTATIONS = YES;
				CLANG_WARN_DIRECT_OBJC_ISA_USAGE = YES_ERROR;
				CLANG_WARN_DOCUMENTATION_COMMENTS = YES;
				CLANG_WARN_EMPTY_BODY = YES;
				CLANG_WARN_ENUM_CONVERSION = YES;
				CLANG_WARN_INFINITE_RECURSION = YES;
				CLANG_WARN_INT_CONVERSION = YES;
				CLANG_WARN_NON_LITERAL_NULL_CONVERSION = YES;
				CLANG_WARN_OBJC_IMPLICIT_RETAIN_SELF = YES;
				CLANG_WARN_OBJC_LITERAL_CONVERSION = YES;
				CLANG_WARN_OBJC_ROOT_CLASS = YES_ERROR;
				CLANG_WARN_QUOTED_INCLUDE_IN_FRAMEWORK_HEADER = YES;
				CLANG_WARN_RANGE_LOOP_ANALYSIS = YES;
				CLANG_WARN_STRICT_PROTOTYPES = YES;
				CLANG_WARN_SUSPICIOUS_MOVE = YES;
				CLANG_WARN_UNGUARDED_AVAILABILITY = YES_AGGRESSIVE;
				CLANG_WARN_UNREACHABLE_CODE = YES;
				CLANG_WARN__DUPLICATE_METHOD_MATCH = YES;
				COPY_PHASE_STRIP = NO;
				DEBUG_INFORMATION_FORMAT = "dwarf-with-dsym";
				ENABLE_NS_ASSERTIONS = NO;
				ENABLE_STRICT_OBJC_MSGSEND = YES;
				GCC_C_LANGUAGE_STANDARD = gnu11;
				GCC_NO_COMMON_BLOCKS = YES;
				GCC_WARN_64_TO_32_BIT_CONVERSION = YES;
				GCC_WARN_ABOUT_RETURN_TYPE = YES_ERROR;
				GCC_WARN_UNDECLARED_SELECTOR = YES;
				GCC_WARN_UNINITIALIZED_AUTOS = YES_AGGRESSIVE;
				GCC_WARN_UNUSED_FUNCTION = YES;
				GCC_WARN_UNUSED_VARIABLE = YES;
				IPHONEOS_DEPLOYMENT_TARGET = 15.2;
				MTL_ENABLE_DEBUG_INFO = NO;
				MTL_FAST_MATH = YES;
				SDKROOT = iphoneos;
				VALIDATE_PRODUCT = YES;
			};
			name = Release;
		};
		117563BE27C11EED00036A77 /* Debug */ = {
			isa = XCBuildConfiguration;
			buildSettings = {
				ASSETCATALOG_COMPILER_APPICON_NAME = AppIcon;
				ASSETCATALOG_COMPILER_GLOBAL_ACCENT_COLOR_NAME = AccentColor;
				CODE_SIGN_STYLE = Automatic;
				CURRENT_PROJECT_VERSION = 1;
				DEVELOPMENT_TEAM = SD39Y7ZXKR;
				GENERATE_INFOPLIST_FILE = YES;
				INFOPLIST_FILE = Test/Info.plist;
				INFOPLIST_KEY_UIApplicationSupportsIndirectInputEvents = YES;
				INFOPLIST_KEY_UILaunchStoryboardName = LaunchScreen;
				INFOPLIST_KEY_UIMainStoryboardFile = Main;
				INFOPLIST_KEY_UISupportedInterfaceOrientations_iPad = "UIInterfaceOrientationPortrait UIInterfaceOrientationPortraitUpsideDown UIInterfaceOrientationLandscapeLeft UIInterfaceOrientationLandscapeRight";
				INFOPLIST_KEY_UISupportedInterfaceOrientations_iPhone = "UIInterfaceOrientationPortrait UIInterfaceOrientationLandscapeLeft UIInterfaceOrientationLandscapeRight";
				LD_RUNPATH_SEARCH_PATHS = (
					"$(inherited)",
					"@executable_path/Frameworks",
				);
				MARKETING_VERSION = 1.0;
				PRODUCT_BUNDLE_IDENTIFIER = kwb.Test;
				PRODUCT_NAME = "$(TARGET_NAME)";
				SWIFT_EMIT_LOC_STRINGS = YES;
				TARGETED_DEVICE_FAMILY = "1,2";
			};
			name = Debug;
		};
		117563BF27C11EED00036A77 /* Release */ = {
			isa = XCBuildConfiguration;
			buildSettings = {
				ASSETCATALOG_COMPILER_APPICON_NAME = AppIcon;
				ASSETCATALOG_COMPILER_GLOBAL_ACCENT_COLOR_NAME = AccentColor;
				CODE_SIGN_STYLE = Automatic;
				CURRENT_PROJECT_VERSION = 1;
				DEVELOPMENT_TEAM = SD39Y7ZXKR;
				GENERATE_INFOPLIST_FILE = YES;
				INFOPLIST_FILE = Test/Info.plist;
				INFOPLIST_KEY_UIApplicationSupportsIndirectInputEvents = YES;
				INFOPLIST_KEY_UILaunchStoryboardName = LaunchScreen;
				INFOPLIST_KEY_UIMainStoryboardFile = Main;
				INFOPLIST_KEY_UISupportedInterfaceOrientations_iPad = "UIInterfaceOrientationPortrait UIInterfaceOrientationPortraitUpsideDown UIInterfaceOrientationLandscapeLeft UIInterfaceOrientationLandscapeRight";
				INFOPLIST_KEY_UISupportedInterfaceOrientations_iPhone = "UIInterfaceOrientationPortrait UIInterfaceOrientationLandscapeLeft UIInterfaceOrientationLandscapeRight";
				LD_RUNPATH_SEARCH_PATHS = (
					"$(inherited)",
					"@executable_path/Frameworks",
				);
				MARKETING_VERSION = 1.0;
				PRODUCT_BUNDLE_IDENTIFIER = kwb.Test;
				PRODUCT_NAME = "$(TARGET_NAME)";
				SWIFT_EMIT_LOC_STRINGS = YES;
				TARGETED_DEVICE_FAMILY = "1,2";
			};
			name = Release;
		};
		117563C127C11EED00036A77 /* Debug */ = {
			isa = XCBuildConfiguration;
			buildSettings = {
				BUNDLE_LOADER = "$(TEST_HOST)";
				CODE_SIGN_STYLE = Automatic;
				CURRENT_PROJECT_VERSION = 1;
				GENERATE_INFOPLIST_FILE = YES;
				IPHONEOS_DEPLOYMENT_TARGET = 15.2;
				MARKETING_VERSION = 1.0;
				PRODUCT_BUNDLE_IDENTIFIER = kwb.TestTests;
				PRODUCT_NAME = "$(TARGET_NAME)";
				SWIFT_EMIT_LOC_STRINGS = NO;
				TARGETED_DEVICE_FAMILY = "1,2";
				TEST_HOST = "$(BUILT_PRODUCTS_DIR)/Test.app/Test";
			};
			name = Debug;
		};
		117563C227C11EED00036A77 /* Release */ = {
			isa = XCBuildConfiguration;
			buildSettings = {
				BUNDLE_LOADER = "$(TEST_HOST)";
				CODE_SIGN_STYLE = Automatic;
				CURRENT_PROJECT_VERSION = 1;
				GENERATE_INFOPLIST_FILE = YES;
				IPHONEOS_DEPLOYMENT_TARGET = 15.2;
				MARKETING_VERSION = 1.0;
				PRODUCT_BUNDLE_IDENTIFIER = kwb.TestTests;
				PRODUCT_NAME = "$(TARGET_NAME)";
				SWIFT_EMIT_LOC_STRINGS = NO;
				TARGETED_DEVICE_FAMILY = "1,2";
				TEST_HOST = "$(BUILT_PRODUCTS_DIR)/Test.app/Test";
			};
			name = Release;
		};
		117563C427C11EED00036A77 /* Debug */ = {
			isa = XCBuildConfiguration;
			buildSettings = {
				CODE_SIGN_STYLE = Automatic;
				CURRENT_PROJECT_VERSION = 1;
				GENERATE_INFOPLIST_FILE = YES;
				MARKETING_VERSION = 1.0;
				PRODUCT_BUNDLE_IDENTIFIER = kwb.TestUITests;
				PRODUCT_NAME = "$(TARGET_NAME)";
				SWIFT_EMIT_LOC_STRINGS = NO;
				TARGETED_DEVICE_FAMILY = "1,2";
				TEST_TARGET_NAME = Test;
			};
			name = Debug;
		};
		117563C527C11EED00036A77 /* Release */ = {
			isa = XCBuildConfiguration;
			buildSettings = {
				CODE_SIGN_STYLE = Automatic;
				CURRENT_PROJECT_VERSION = 1;
				GENERATE_INFOPLIST_FILE = YES;
				MARKETING_VERSION = 1.0;
				PRODUCT_BUNDLE_IDENTIFIER = kwb.TestUITests;
				PRODUCT_NAME = "$(TARGET_NAME)";
				SWIFT_EMIT_LOC_STRINGS = NO;
				TARGETED_DEVICE_FAMILY = "1,2";
				TEST_TARGET_NAME = Test;
			};
			name = Release;
		};
/* End XCBuildConfiguration section */

/* Begin XCConfigurationList section */
		1175638927C11EEC00036A77 /* Build configuration list for PBXProject "Test" */ = {
			isa = XCConfigurationList;
			buildConfigurations = (
				117563BB27C11EED00036A77 /* Debug */,
				117563BC27C11EED00036A77 /* Release */,
			);
			defaultConfigurationIsVisible = 0;
			defaultConfigurationName = Release;
		};
		117563BD27C11EED00036A77 /* Build configuration list for PBXNativeTarget "Test" */ = {
			isa = XCConfigurationList;
			buildConfigurations = (
				117563BE27C11EED00036A77 /* Debug */,
				117563BF27C11EED00036A77 /* Release */,
			);
			defaultConfigurationIsVisible = 0;
			defaultConfigurationName = Release;
		};
		117563C027C11EED00036A77 /* Build configuration list for PBXNativeTarget "TestTests" */ = {
			isa = XCConfigurationList;
			buildConfigurations = (
				117563C127C11EED00036A77 /* Debug */,
				117563C227C11EED00036A77 /* Release */,
			);
			defaultConfigurationIsVisible = 0;
			defaultConfigurationName = Release;
		};
		117563C327C11EED00036A77 /* Build configuration list for PBXNativeTarget "TestUITests" */ = {
			isa = XCConfigurationList;
			buildConfigurations = (
				117563C427C11EED00036A77 /* Debug */,
				117563C527C11EED00036A77 /* Release */,
			);
			defaultConfigurationIsVisible = 0;
			defaultConfigurationName = Release;
		};
/* End XCConfigurationList section */
	};
	rootObject = 1175638627C11EEC00036A77 /* Project object */;
}
